
Microsoft Visual Studio Solution File, Format Version 12.00
# Visual Studio Version 17
VisualStudioVersion = 17.10.35013.160
MinimumVisualStudioVersion = 10.0.40219.1
Project("{FAE04EC0-301F-11D3-BF4B-00C04F79EFBC}") = "Sentinel.Domain", "Sentinel.Domain\Sentinel.Domain.csproj", "{4DFDCCB7-3440-4BBD-991D-72EC1D729AA0}"
EndProject
Project("{FAE04EC0-301F-11D3-BF4B-00C04F79EFBC}") = "Sentinel.Infrastructure", "Sentinel.Infrastructure\Sentinel.Infrastructure.csproj", "{E7474982-A8CD-411F-8FFD-A16546DE3E69}"
EndProject
Project("{FAE04EC0-301F-11D3-BF4B-00C04F79EFBC}") = "Sentinel.API", "Sentinel.API\Sentinel.API.csproj", "{5826751B-CE54-4969-9770-080AF03E41E1}"
EndProject
Project("{FAE04EC0-301F-11D3-BF4B-00C04F79EFBC}") = "Sentinel.IoC", "Sentinel.IoC\Sentinel.IoC.csproj", "{2103A97E-B6ED-471C-935B-390C24F78D70}"
EndProject
Global
	GlobalSection(SolutionConfigurationPlatforms) = preSolution
		Debug|Any CPU = Debug|Any CPU
		Release|Any CPU = Release|Any CPU
	EndGlobalSection
	GlobalSection(ProjectConfigurationPlatforms) = postSolution
		{4DFDCCB7-3440-4BBD-991D-72EC1D729AA0}.Debug|Any CPU.ActiveCfg = Debug|Any CPU
		{4DFDCCB7-3440-4BBD-991D-72EC1D729AA0}.Debug|Any CPU.Build.0 = Debug|Any CPU
		{4DFDCCB7-3440-4BBD-991D-72EC1D729AA0}.Release|Any CPU.ActiveCfg = Release|Any CPU
		{4DFDCCB7-3440-4BBD-991D-72EC1D729AA0}.Release|Any CPU.Build.0 = Release|Any CPU
		{E7474982-A8CD-411F-8FFD-A16546DE3E69}.Debug|Any CPU.ActiveCfg = Debug|Any CPU
		{E7474982-A8CD-411F-8FFD-A16546DE3E69}.Debug|Any CPU.Build.0 = Debug|Any CPU
		{E7474982-A8CD-411F-8FFD-A16546DE3E69}.Release|Any CPU.ActiveCfg = Release|Any CPU
		{E7474982-A8CD-411F-8FFD-A16546DE3E69}.Release|Any CPU.Build.0 = Release|Any CPU
		{5826751B-CE54-4969-9770-080AF03E41E1}.Debug|Any CPU.ActiveCfg = Debug|Any CPU
		{5826751B-CE54-4969-9770-080AF03E41E1}.Debug|Any CPU.Build.0 = Debug|Any CPU
		{5826751B-CE54-4969-9770-080AF03E41E1}.Release|Any CPU.ActiveCfg = Release|Any CPU
		{5826751B-CE54-4969-9770-080AF03E41E1}.Release|Any CPU.Build.0 = Release|Any CPU
		{2103A97E-B6ED-471C-935B-390C24F78D70}.Debug|Any CPU.ActiveCfg = Debug|Any CPU
		{2103A97E-B6ED-471C-935B-390C24F78D70}.Debug|Any CPU.Build.0 = Debug|Any CPU
		{2103A97E-B6ED-471C-935B-390C24F78D70}.Release|Any CPU.ActiveCfg = Release|Any CPU
		{2103A97E-B6ED-471C-935B-390C24F78D70}.Release|Any CPU.Build.0 = Release|Any CPU
	EndGlobalSection
	GlobalSection(SolutionProperties) = preSolution
		HideSolutionNode = FALSE
	EndGlobalSection
	GlobalSection(ExtensibilityGlobals) = postSolution
		SolutionGuid = {6311D0F5-26E9-40EF-B645-A9A8FE32DAFF}
	EndGlobalSection
EndGlobal
